
Microsoft Visual Studio Solution File, Format Version 12.00
# Visual Studio Version 17
VisualStudioVersion = 17.7.34003.232
MinimumVisualStudioVersion = 10.0.40219.1
Project("{FAE04EC0-301F-11D3-BF4B-00C04F79EFBC}") = "projeto_final_bloco_01", "projeto_final_bloco_01.csproj", "{F1855E6A-EEB5-4E48-9136-CAAE842213A7}"
EndProject
Global
	GlobalSection(SolutionConfigurationPlatforms) = preSolution
		Debug|Any CPU = Debug|Any CPU
		Release|Any CPU = Release|Any CPU
	EndGlobalSection
	GlobalSection(ProjectConfigurationPlatforms) = postSolution
		{F1855E6A-EEB5-4E48-9136-CAAE842213A7}.Debug|Any CPU.ActiveCfg = Debug|Any CPU
		{F1855E6A-EEB5-4E48-9136-CAAE842213A7}.Debug|Any CPU.Build.0 = Debug|Any CPU
		{F1855E6A-EEB5-4E48-9136-CAAE842213A7}.Release|Any CPU.ActiveCfg = Release|Any CPU
		{F1855E6A-EEB5-4E48-9136-CAAE842213A7}.Release|Any CPU.Build.0 = Release|Any CPU
	EndGlobalSection
	GlobalSection(SolutionProperties) = preSolution
		HideSolutionNode = FALSE
	EndGlobalSection
	GlobalSection(ExtensibilityGlobals) = postSolution
		SolutionGuid = {485E7B53-9760-4F49-8711-0CD61DBEF447}
	EndGlobalSection
EndGlobal
